
Microsoft Visual Studio Solution File, Format Version 12.00
# Visual Studio 14
VisualStudioVersion = 14.0.25420.1
MinimumVisualStudioVersion = 10.0.40219.1
Project("{FAE04EC0-301F-11D3-BF4B-00C04F79EFBC}") = "KhachSan", "KhachSan\KhachSan.csproj", "{95D95B8D-A09D-4AB1-88D0-26CFC76CF9D8}"
EndProject
Project("{FAE04EC0-301F-11D3-BF4B-00C04F79EFBC}") = "Models", "Models\Models.csproj", "{902F2F42-AE0C-485B-8C98-EBBB944CD0E1}"
EndProject
Global
	GlobalSection(SolutionConfigurationPlatforms) = preSolution
		Debug|Any CPU = Debug|Any CPU
		Release|Any CPU = Release|Any CPU
	EndGlobalSection
	GlobalSection(ProjectConfigurationPlatforms) = postSolution
		{95D95B8D-A09D-4AB1-88D0-26CFC76CF9D8}.Debug|Any CPU.ActiveCfg = Debug|Any CPU
		{95D95B8D-A09D-4AB1-88D0-26CFC76CF9D8}.Debug|Any CPU.Build.0 = Debug|Any CPU
		{95D95B8D-A09D-4AB1-88D0-26CFC76CF9D8}.Release|Any CPU.ActiveCfg = Release|Any CPU
		{95D95B8D-A09D-4AB1-88D0-26CFC76CF9D8}.Release|Any CPU.Build.0 = Release|Any CPU
		{902F2F42-AE0C-485B-8C98-EBBB944CD0E1}.Debug|Any CPU.ActiveCfg = Debug|Any CPU
		{902F2F42-AE0C-485B-8C98-EBBB944CD0E1}.Debug|Any CPU.Build.0 = Debug|Any CPU
		{902F2F42-AE0C-485B-8C98-EBBB944CD0E1}.Release|Any CPU.ActiveCfg = Release|Any CPU
		{902F2F42-AE0C-485B-8C98-EBBB944CD0E1}.Release|Any CPU.Build.0 = Release|Any CPU
	EndGlobalSection
	GlobalSection(SolutionProperties) = preSolution
		HideSolutionNode = FALSE
	EndGlobalSection
EndGlobal
